// !$*UTF8*$!
{
	archiveVersion = 1;
	classes = {
	};
	objectVersion = 55;
	objects = {

/* Begin PBXBuildFile section */
		BF62C5AD27202C79009A7872 /* AppDelegate.swift in Sources */ = {isa = PBXBuildFile; fileRef = BF62C5AC27202C79009A7872 /* AppDelegate.swift */; };
		BF62C5AF27202C79009A7872 /* SceneDelegate.swift in Sources */ = {isa = PBXBuildFile; fileRef = BF62C5AE27202C79009A7872 /* SceneDelegate.swift */; };
		BF62C5B127202C79009A7872 /* ViewController.swift in Sources */ = {isa = PBXBuildFile; fileRef = BF62C5B027202C79009A7872 /* ViewController.swift */; };
		BF62C5B427202C79009A7872 /* Main.storyboard in Resources */ = {isa = PBXBuildFile; fileRef = BF62C5B227202C79009A7872 /* Main.storyboard */; };
		BF62C5B727202C79009A7872 /* MacroDSPractice.xcdatamodeld in Sources */ = {isa = PBXBuildFile; fileRef = BF62C5B527202C79009A7872 /* MacroDSPractice.xcdatamodeld */; };
		BF62C5B927202C7A009A7872 /* Assets.xcassets in Resources */ = {isa = PBXBuildFile; fileRef = BF62C5B827202C7A009A7872 /* Assets.xcassets */; };
		BF62C5BC27202C7A009A7872 /* LaunchScreen.storyboard in Resources */ = {isa = PBXBuildFile; fileRef = BF62C5BA27202C7A009A7872 /* LaunchScreen.storyboard */; };
		BF62C5C727202C7A009A7872 /* MacroDSPracticeTests.swift in Sources */ = {isa = PBXBuildFile; fileRef = BF62C5C627202C7A009A7872 /* MacroDSPracticeTests.swift */; };
		BF62C5D127202C7A009A7872 /* MacroDSPracticeUITests.swift in Sources */ = {isa = PBXBuildFile; fileRef = BF62C5D027202C7A009A7872 /* MacroDSPracticeUITests.swift */; };
		BF62C5D327202C7A009A7872 /* MacroDSPracticeUITestsLaunchTests.swift in Sources */ = {isa = PBXBuildFile; fileRef = BF62C5D227202C7A009A7872 /* MacroDSPracticeUITestsLaunchTests.swift */; };
		BFF31F89273E96D000933BDE /* CaseOneViewController.swift in Sources */ = {isa = PBXBuildFile; fileRef = BFF31F88273E96D000933BDE /* CaseOneViewController.swift */; };
		BFF31F8B273E96DD00933BDE /* CaseTwoViewController.swift in Sources */ = {isa = PBXBuildFile; fileRef = BFF31F8A273E96DD00933BDE /* CaseTwoViewController.swift */; };
		BFF31F8D273E96E900933BDE /* CaseThreeViewController.swift in Sources */ = {isa = PBXBuildFile; fileRef = BFF31F8C273E96E900933BDE /* CaseThreeViewController.swift */; };
		BFF31F90273E979E00933BDE /* OrderView.xib in Resources */ = {isa = PBXBuildFile; fileRef = BFF31F8F273E979E00933BDE /* OrderView.xib */; };
		BFF31F92273E9A0700933BDE /* OrderView.swift in Sources */ = {isa = PBXBuildFile; fileRef = BFF31F91273E9A0700933BDE /* OrderView.swift */; };
		BFF31F94273E9D1400933BDE /* ChangeStatusCaseOneViewController.swift in Sources */ = {isa = PBXBuildFile; fileRef = BFF31F93273E9D1400933BDE /* ChangeStatusCaseOneViewController.swift */; };
		BFF31F96273E9E7800933BDE /* ChangeStatusCaseTwoViewController.swift in Sources */ = {isa = PBXBuildFile; fileRef = BFF31F95273E9E7800933BDE /* ChangeStatusCaseTwoViewController.swift */; };
/* End PBXBuildFile section */

/* Begin PBXContainerItemProxy section */
		BF62C5C327202C7A009A7872 /* PBXContainerItemProxy */ = {
			isa = PBXContainerItemProxy;
			containerPortal = BF62C5A127202C79009A7872 /* Project object */;
			proxyType = 1;
			remoteGlobalIDString = BF62C5A827202C79009A7872;
			remoteInfo = MacroDSPractice;
		};
		BF62C5CD27202C7A009A7872 /* PBXContainerItemProxy */ = {
			isa = PBXContainerItemProxy;
			containerPortal = BF62C5A127202C79009A7872 /* Project object */;
			proxyType = 1;
			remoteGlobalIDString = BF62C5A827202C79009A7872;
			remoteInfo = MacroDSPractice;
		};
/* End PBXContainerItemProxy section */

/* Begin PBXFileReference section */
		BF62C5A927202C79009A7872 /* MacroDSPractice.app */ = {isa = PBXFileReference; explicitFileType = wrapper.application; includeInIndex = 0; path = MacroDSPractice.app; sourceTree = BUILT_PRODUCTS_DIR; };
		BF62C5AC27202C79009A7872 /* AppDelegate.swift */ = {isa = PBXFileReference; lastKnownFileType = sourcecode.swift; path = AppDelegate.swift; sourceTree = "<group>"; };
		BF62C5AE27202C79009A7872 /* SceneDelegate.swift */ = {isa = PBXFileReference; lastKnownFileType = sourcecode.swift; path = SceneDelegate.swift; sourceTree = "<group>"; };
		BF62C5B027202C79009A7872 /* ViewController.swift */ = {isa = PBXFileReference; lastKnownFileType = sourcecode.swift; path = ViewController.swift; sourceTree = "<group>"; };
		BF62C5B327202C79009A7872 /* Base */ = {isa = PBXFileReference; lastKnownFileType = file.storyboard; name = Base; path = Base.lproj/Main.storyboard; sourceTree = "<group>"; };
		BF62C5B627202C79009A7872 /* MacroDSPractice.xcdatamodel */ = {isa = PBXFileReference; lastKnownFileType = wrapper.xcdatamodel; path = MacroDSPractice.xcdatamodel; sourceTree = "<group>"; };
		BF62C5B827202C7A009A7872 /* Assets.xcassets */ = {isa = PBXFileReference; lastKnownFileType = folder.assetcatalog; path = Assets.xcassets; sourceTree = "<group>"; };
		BF62C5BB27202C7A009A7872 /* Base */ = {isa = PBXFileReference; lastKnownFileType = file.storyboard; name = Base; path = Base.lproj/LaunchScreen.storyboard; sourceTree = "<group>"; };
		BF62C5BD27202C7A009A7872 /* Info.plist */ = {isa = PBXFileReference; lastKnownFileType = text.plist.xml; path = Info.plist; sourceTree = "<group>"; };
		BF62C5C227202C7A009A7872 /* MacroDSPracticeTests.xctest */ = {isa = PBXFileReference; explicitFileType = wrapper.cfbundle; includeInIndex = 0; path = MacroDSPracticeTests.xctest; sourceTree = BUILT_PRODUCTS_DIR; };
		BF62C5C627202C7A009A7872 /* MacroDSPracticeTests.swift */ = {isa = PBXFileReference; lastKnownFileType = sourcecode.swift; path = MacroDSPracticeTests.swift; sourceTree = "<group>"; };
		BF62C5CC27202C7A009A7872 /* MacroDSPracticeUITests.xctest */ = {isa = PBXFileReference; explicitFileType = wrapper.cfbundle; includeInIndex = 0; path = MacroDSPracticeUITests.xctest; sourceTree = BUILT_PRODUCTS_DIR; };
		BF62C5D027202C7A009A7872 /* MacroDSPracticeUITests.swift */ = {isa = PBXFileReference; lastKnownFileType = sourcecode.swift; path = MacroDSPracticeUITests.swift; sourceTree = "<group>"; };
		BF62C5D227202C7A009A7872 /* MacroDSPracticeUITestsLaunchTests.swift */ = {isa = PBXFileReference; lastKnownFileType = sourcecode.swift; path = MacroDSPracticeUITestsLaunchTests.swift; sourceTree = "<group>"; };
		BFF31F88273E96D000933BDE /* CaseOneViewController.swift */ = {isa = PBXFileReference; lastKnownFileType = sourcecode.swift; path = CaseOneViewController.swift; sourceTree = "<group>"; };
		BFF31F8A273E96DD00933BDE /* CaseTwoViewController.swift */ = {isa = PBXFileReference; lastKnownFileType = sourcecode.swift; path = CaseTwoViewController.swift; sourceTree = "<group>"; };
		BFF31F8C273E96E900933BDE /* CaseThreeViewController.swift */ = {isa = PBXFileReference; lastKnownFileType = sourcecode.swift; path = CaseThreeViewController.swift; sourceTree = "<group>"; };
		BFF31F8F273E979E00933BDE /* OrderView.xib */ = {isa = PBXFileReference; lastKnownFileType = file.xib; path = OrderView.xib; sourceTree = "<group>"; };
		BFF31F91273E9A0700933BDE /* OrderView.swift */ = {isa = PBXFileReference; lastKnownFileType = sourcecode.swift; path = OrderView.swift; sourceTree = "<group>"; };
		BFF31F93273E9D1400933BDE /* ChangeStatusCaseOneViewController.swift */ = {isa = PBXFileReference; lastKnownFileType = sourcecode.swift; path = ChangeStatusCaseOneViewController.swift; sourceTree = "<group>"; };
		BFF31F95273E9E7800933BDE /* ChangeStatusCaseTwoViewController.swift */ = {isa = PBXFileReference; lastKnownFileType = sourcecode.swift; path = ChangeStatusCaseTwoViewController.swift; sourceTree = "<group>"; };
/* End PBXFileReference section */

/* Begin PBXFrameworksBuildPhase section */
		BF62C5A627202C79009A7872 /* Frameworks */ = {
			isa = PBXFrameworksBuildPhase;
			buildActionMask = 2147483647;
			files = (
			);
			runOnlyForDeploymentPostprocessing = 0;
		};
		BF62C5BF27202C7A009A7872 /* Frameworks */ = {
			isa = PBXFrameworksBuildPhase;
			buildActionMask = 2147483647;
			files = (
			);
			runOnlyForDeploymentPostprocessing = 0;
		};
		BF62C5C927202C7A009A7872 /* Frameworks */ = {
			isa = PBXFrameworksBuildPhase;
			buildActionMask = 2147483647;
			files = (
			);
			runOnlyForDeploymentPostprocessing = 0;
		};
/* End PBXFrameworksBuildPhase section */

/* Begin PBXGroup section */
		BF62C5A027202C79009A7872 = {
			isa = PBXGroup;
			children = (
				BF62C5AB27202C79009A7872 /* MacroDSPractice */,
				BF62C5C527202C7A009A7872 /* MacroDSPracticeTests */,
				BF62C5CF27202C7A009A7872 /* MacroDSPracticeUITests */,
				BF62C5AA27202C79009A7872 /* Products */,
			);
			sourceTree = "<group>";
		};
		BF62C5AA27202C79009A7872 /* Products */ = {
			isa = PBXGroup;
			children = (
				BF62C5A927202C79009A7872 /* MacroDSPractice.app */,
				BF62C5C227202C7A009A7872 /* MacroDSPracticeTests.xctest */,
				BF62C5CC27202C7A009A7872 /* MacroDSPracticeUITests.xctest */,
			);
			name = Products;
			sourceTree = "<group>";
		};
		BF62C5AB27202C79009A7872 /* MacroDSPractice */ = {
			isa = PBXGroup;
			children = (
				BF62C5E027202CC6009A7872 /* Presentation */,
				BF62C5DF27202CB9009A7872 /* Application */,
				BF62C5B827202C7A009A7872 /* Assets.xcassets */,
				BF62C5BA27202C7A009A7872 /* LaunchScreen.storyboard */,
				BF62C5BD27202C7A009A7872 /* Info.plist */,
				BF62C5B527202C79009A7872 /* MacroDSPractice.xcdatamodeld */,
			);
			path = MacroDSPractice;
			sourceTree = "<group>";
		};
		BF62C5C527202C7A009A7872 /* MacroDSPracticeTests */ = {
			isa = PBXGroup;
			children = (
				BF62C5C627202C7A009A7872 /* MacroDSPracticeTests.swift */,
			);
			path = MacroDSPracticeTests;
			sourceTree = "<group>";
		};
		BF62C5CF27202C7A009A7872 /* MacroDSPracticeUITests */ = {
			isa = PBXGroup;
			children = (
				BF62C5D027202C7A009A7872 /* MacroDSPracticeUITests.swift */,
				BF62C5D227202C7A009A7872 /* MacroDSPracticeUITestsLaunchTests.swift */,
			);
			path = MacroDSPracticeUITests;
			sourceTree = "<group>";
		};
		BF62C5DF27202CB9009A7872 /* Application */ = {
			isa = PBXGroup;
			children = (
				BF62C5AC27202C79009A7872 /* AppDelegate.swift */,
				BF62C5AE27202C79009A7872 /* SceneDelegate.swift */,
			);
			path = Application;
			sourceTree = "<group>";
		};
		BF62C5E027202CC6009A7872 /* Presentation */ = {
			isa = PBXGroup;
			children = (
				BFF31F8E273E978D00933BDE /* XIB */,
				BF62C5B227202C79009A7872 /* Main.storyboard */,
				BFF31F95273E9E7800933BDE /* ChangeStatusCaseTwoViewController.swift */,
				BFF31F93273E9D1400933BDE /* ChangeStatusCaseOneViewController.swift */,
				BF62C5B027202C79009A7872 /* ViewController.swift */,
				BFF31F88273E96D000933BDE /* CaseOneViewController.swift */,
				BFF31F8A273E96DD00933BDE /* CaseTwoViewController.swift */,
				BFF31F8C273E96E900933BDE /* CaseThreeViewController.swift */,
			);
			path = Presentation;
			sourceTree = "<group>";
		};
		BFF31F8E273E978D00933BDE /* XIB */ = {
			isa = PBXGroup;
			children = (
				BFF31F8F273E979E00933BDE /* OrderView.xib */,
				BFF31F91273E9A0700933BDE /* OrderView.swift */,
			);
			path = XIB;
			sourceTree = "<group>";
		};
/* End PBXGroup section */

/* Begin PBXNativeTarget section */
		BF62C5A827202C79009A7872 /* MacroDSPractice */ = {
			isa = PBXNativeTarget;
			buildConfigurationList = BF62C5D627202C7A009A7872 /* Build configuration list for PBXNativeTarget "MacroDSPractice" */;
			buildPhases = (
				BF62C5A527202C79009A7872 /* Sources */,
				BF62C5A627202C79009A7872 /* Frameworks */,
				BF62C5A727202C79009A7872 /* Resources */,
			);
			buildRules = (
			);
			dependencies = (
			);
			name = MacroDSPractice;
			productName = MacroDSPractice;
			productReference = BF62C5A927202C79009A7872 /* MacroDSPractice.app */;
			productType = "com.apple.product-type.application";
		};
		BF62C5C127202C7A009A7872 /* MacroDSPracticeTests */ = {
			isa = PBXNativeTarget;
			buildConfigurationList = BF62C5D927202C7A009A7872 /* Build configuration list for PBXNativeTarget "MacroDSPracticeTests" */;
			buildPhases = (
				BF62C5BE27202C7A009A7872 /* Sources */,
				BF62C5BF27202C7A009A7872 /* Frameworks */,
				BF62C5C027202C7A009A7872 /* Resources */,
			);
			buildRules = (
			);
			dependencies = (
				BF62C5C427202C7A009A7872 /* PBXTargetDependency */,
			);
			name = MacroDSPracticeTests;
			productName = MacroDSPracticeTests;
			productReference = BF62C5C227202C7A009A7872 /* MacroDSPracticeTests.xctest */;
			productType = "com.apple.product-type.bundle.unit-test";
		};
		BF62C5CB27202C7A009A7872 /* MacroDSPracticeUITests */ = {
			isa = PBXNativeTarget;
			buildConfigurationList = BF62C5DC27202C7A009A7872 /* Build configuration list for PBXNativeTarget "MacroDSPracticeUITests" */;
			buildPhases = (
				BF62C5C827202C7A009A7872 /* Sources */,
				BF62C5C927202C7A009A7872 /* Frameworks */,
				BF62C5CA27202C7A009A7872 /* Resources */,
			);
			buildRules = (
			);
			dependencies = (
				BF62C5CE27202C7A009A7872 /* PBXTargetDependency */,
			);
			name = MacroDSPracticeUITests;
			productName = MacroDSPracticeUITests;
			productReference = BF62C5CC27202C7A009A7872 /* MacroDSPracticeUITests.xctest */;
			productType = "com.apple.product-type.bundle.ui-testing";
		};
/* End PBXNativeTarget section */

/* Begin PBXProject section */
		BF62C5A127202C79009A7872 /* Project object */ = {
			isa = PBXProject;
			attributes = {
				BuildIndependentTargetsInParallel = 1;
				LastSwiftUpdateCheck = 1300;
				LastUpgradeCheck = 1300;
				TargetAttributes = {
					BF62C5A827202C79009A7872 = {
						CreatedOnToolsVersion = 13.0;
					};
					BF62C5C127202C7A009A7872 = {
						CreatedOnToolsVersion = 13.0;
						TestTargetID = BF62C5A827202C79009A7872;
					};
					BF62C5CB27202C7A009A7872 = {
						CreatedOnToolsVersion = 13.0;
						TestTargetID = BF62C5A827202C79009A7872;
					};
				};
			};
			buildConfigurationList = BF62C5A427202C79009A7872 /* Build configuration list for PBXProject "MacroDSPractice" */;
			compatibilityVersion = "Xcode 13.0";
			developmentRegion = en;
			hasScannedForEncodings = 0;
			knownRegions = (
				en,
				Base,
			);
			mainGroup = BF62C5A027202C79009A7872;
			productRefGroup = BF62C5AA27202C79009A7872 /* Products */;
			projectDirPath = "";
			projectRoot = "";
			targets = (
				BF62C5A827202C79009A7872 /* MacroDSPractice */,
				BF62C5C127202C7A009A7872 /* MacroDSPracticeTests */,
				BF62C5CB27202C7A009A7872 /* MacroDSPracticeUITests */,
			);
		};
/* End PBXProject section */

/* Begin PBXResourcesBuildPhase section */
		BF62C5A727202C79009A7872 /* Resources */ = {
			isa = PBXResourcesBuildPhase;
			buildActionMask = 2147483647;
			files = (
				BF62C5BC27202C7A009A7872 /* LaunchScreen.storyboard in Resources */,
				BFF31F90273E979E00933BDE /* OrderView.xib in Resources */,
				BF62C5B927202C7A009A7872 /* Assets.xcassets in Resources */,
				BF62C5B427202C79009A7872 /* Main.storyboard in Resources */,
			);
			runOnlyForDeploymentPostprocessing = 0;
		};
		BF62C5C027202C7A009A7872 /* Resources */ = {
			isa = PBXResourcesBuildPhase;
			buildActionMask = 2147483647;
			files = (
			);
			runOnlyForDeploymentPostprocessing = 0;
		};
		BF62C5CA27202C7A009A7872 /* Resources */ = {
			isa = PBXResourcesBuildPhase;
			buildActionMask = 2147483647;
			files = (
			);
			runOnlyForDeploymentPostprocessing = 0;
		};
/* End PBXResourcesBuildPhase section */

/* Begin PBXSourcesBuildPhase section */
		BF62C5A527202C79009A7872 /* Sources */ = {
			isa = PBXSourcesBuildPhase;
			buildActionMask = 2147483647;
			files = (
				BFF31F94273E9D1400933BDE /* ChangeStatusCaseOneViewController.swift in Sources */,
				BFF31F8D273E96E900933BDE /* CaseThreeViewController.swift in Sources */,
				BFF31F92273E9A0700933BDE /* OrderView.swift in Sources */,
				BF62C5B727202C79009A7872 /* MacroDSPractice.xcdatamodeld in Sources */,
				BFF31F8B273E96DD00933BDE /* CaseTwoViewController.swift in Sources */,
				BF62C5B127202C79009A7872 /* ViewController.swift in Sources */,
				BF62C5AD27202C79009A7872 /* AppDelegate.swift in Sources */,
				BF62C5AF27202C79009A7872 /* SceneDelegate.swift in Sources */,
				BFF31F89273E96D000933BDE /* CaseOneViewController.swift in Sources */,
				BFF31F96273E9E7800933BDE /* ChangeStatusCaseTwoViewController.swift in Sources */,
			);
			runOnlyForDeploymentPostprocessing = 0;
		};
		BF62C5BE27202C7A009A7872 /* Sources */ = {
			isa = PBXSourcesBuildPhase;
			buildActionMask = 2147483647;
			files = (
				BF62C5C727202C7A009A7872 /* MacroDSPracticeTests.swift in Sources */,
			);
			runOnlyForDeploymentPostprocessing = 0;
		};
		BF62C5C827202C7A009A7872 /* Sources */ = {
			isa = PBXSourcesBuildPhase;
			buildActionMask = 2147483647;
			files = (
				BF62C5D127202C7A009A7872 /* MacroDSPracticeUITests.swift in Sources */,
				BF62C5D327202C7A009A7872 /* MacroDSPracticeUITestsLaunchTests.swift in Sources */,
			);
			runOnlyForDeploymentPostprocessing = 0;
		};
/* End PBXSourcesBuildPhase section */

/* Begin PBXTargetDependency section */
		BF62C5C427202C7A009A7872 /* PBXTargetDependency */ = {
			isa = PBXTargetDependency;
			target = BF62C5A827202C79009A7872 /* MacroDSPractice */;
			targetProxy = BF62C5C327202C7A009A7872 /* PBXContainerItemProxy */;
		};
		BF62C5CE27202C7A009A7872 /* PBXTargetDependency */ = {
			isa = PBXTargetDependency;
			target = BF62C5A827202C79009A7872 /* MacroDSPractice */;
			targetProxy = BF62C5CD27202C7A009A7872 /* PBXContainerItemProxy */;
		};
/* End PBXTargetDependency section */

/* Begin PBXVariantGroup section */
		BF62C5B227202C79009A7872 /* Main.storyboard */ = {
			isa = PBXVariantGroup;
			children = (
				BF62C5B327202C79009A7872 /* Base */,
			);
			name = Main.storyboard;
			sourceTree = "<group>";
		};
		BF62C5BA27202C7A009A7872 /* LaunchScreen.storyboard */ = {
			isa = PBXVariantGroup;
			children = (
				BF62C5BB27202C7A009A7872 /* Base */,
			);
			name = LaunchScreen.storyboard;
			sourceTree = "<group>";
		};
/* End PBXVariantGroup section */

/* Begin XCBuildConfiguration section */
		BF62C5D427202C7A009A7872 /* Debug */ = {
			isa = XCBuildConfiguration;
			buildSettings = {
				ALWAYS_SEARCH_USER_PATHS = NO;
				CLANG_ANALYZER_NONNULL = YES;
				CLANG_ANALYZER_NUMBER_OBJECT_CONVERSION = YES_AGGRESSIVE;
				CLANG_CXX_LANGUAGE_STANDARD = "gnu++17";
				CLANG_CXX_LIBRARY = "libc++";
				CLANG_ENABLE_MODULES = YES;
				CLANG_ENABLE_OBJC_ARC = YES;
				CLANG_ENABLE_OBJC_WEAK = YES;
				CLANG_WARN_BLOCK_CAPTURE_AUTORELEASING = YES;
				CLANG_WARN_BOOL_CONVERSION = YES;
				CLANG_WARN_COMMA = YES;
				CLANG_WARN_CONSTANT_CONVERSION = YES;
				CLANG_WARN_DEPRECATED_OBJC_IMPLEMENTATIONS = YES;
				CLANG_WARN_DIRECT_OBJC_ISA_USAGE = YES_ERROR;
				CLANG_WARN_DOCUMENTATION_COMMENTS = YES;
				CLANG_WARN_EMPTY_BODY = YES;
				CLANG_WARN_ENUM_CONVERSION = YES;
				CLANG_WARN_INFINITE_RECURSION = YES;
				CLANG_WARN_INT_CONVERSION = YES;
				CLANG_WARN_NON_LITERAL_NULL_CONVERSION = YES;
				CLANG_WARN_OBJC_IMPLICIT_RETAIN_SELF = YES;
				CLANG_WARN_OBJC_LITERAL_CONVERSION = YES;
				CLANG_WARN_OBJC_ROOT_CLASS = YES_ERROR;
				CLANG_WARN_QUOTED_INCLUDE_IN_FRAMEWORK_HEADER = YES;
				CLANG_WARN_RANGE_LOOP_ANALYSIS = YES;
				CLANG_WARN_STRICT_PROTOTYPES = YES;
				CLANG_WARN_SUSPICIOUS_MOVE = YES;
				CLANG_WARN_UNGUARDED_AVAILABILITY = YES_AGGRESSIVE;
				CLANG_WARN_UNREACHABLE_CODE = YES;
				CLANG_WARN__DUPLICATE_METHOD_MATCH = YES;
				COPY_PHASE_STRIP = NO;
				DEBUG_INFORMATION_FORMAT = dwarf;
				ENABLE_STRICT_OBJC_MSGSEND = YES;
				ENABLE_TESTABILITY = YES;
				GCC_C_LANGUAGE_STANDARD = gnu11;
				GCC_DYNAMIC_NO_PIC = NO;
				GCC_NO_COMMON_BLOCKS = YES;
				GCC_OPTIMIZATION_LEVEL = 0;
				GCC_PREPROCESSOR_DEFINITIONS = (
					"DEBUG=1",
					"$(inherited)",
				);
				GCC_WARN_64_TO_32_BIT_CONVERSION = YES;
				GCC_WARN_ABOUT_RETURN_TYPE = YES_ERROR;
				GCC_WARN_UNDECLARED_SELECTOR = YES;
				GCC_WARN_UNINITIALIZED_AUTOS = YES_AGGRESSIVE;
				GCC_WARN_UNUSED_FUNCTION = YES;
				GCC_WARN_UNUSED_VARIABLE = YES;
				IPHONEOS_DEPLOYMENT_TARGET = 15.0;
				MTL_ENABLE_DEBUG_INFO = INCLUDE_SOURCE;
				MTL_FAST_MATH = YES;
				ONLY_ACTIVE_ARCH = YES;
				SDKROOT = iphoneos;
				SWIFT_ACTIVE_COMPILATION_CONDITIONS = DEBUG;
				SWIFT_OPTIMIZATION_LEVEL = "-Onone";
			};
			name = Debug;
		};
		BF62C5D527202C7A009A7872 /* Release */ = {
			isa = XCBuildConfiguration;
			buildSettings = {
				ALWAYS_SEARCH_USER_PATHS = NO;
				CLANG_ANALYZER_NONNULL = YES;
				CLANG_ANALYZER_NUMBER_OBJECT_CONVERSION = YES_AGGRESSIVE;
				CLANG_CXX_LANGUAGE_STANDARD = "gnu++17";
				CLANG_CXX_LIBRARY = "libc++";
				CLANG_ENABLE_MODULES = YES;
				CLANG_ENABLE_OBJC_ARC = YES;
				CLANG_ENABLE_OBJC_WEAK = YES;
				CLANG_WARN_BLOCK_CAPTURE_AUTORELEASING = YES;
				CLANG_WARN_BOOL_CONVERSION = YES;
				CLANG_WARN_COMMA = YES;
				CLANG_WARN_CONSTANT_CONVERSION = YES;
				CLANG_WARN_DEPRECATED_OBJC_IMPLEMENTATIONS = YES;
				CLANG_WARN_DIRECT_OBJC_ISA_USAGE = YES_ERROR;
				CLANG_WARN_DOCUMENTATION_COMMENTS = YES;
				CLANG_WARN_EMPTY_BODY = YES;
				CLANG_WARN_ENUM_CONVERSION = YES;
				CLANG_WARN_INFINITE_RECURSION = YES;
				CLANG_WARN_INT_CONVERSION = YES;
				CLANG_WARN_NON_LITERAL_NULL_CONVERSION = YES;
				CLANG_WARN_OBJC_IMPLICIT_RETAIN_SELF = YES;
				CLANG_WARN_OBJC_LITERAL_CONVERSION = YES;
				CLANG_WARN_OBJC_ROOT_CLASS = YES_ERROR;
				CLANG_WARN_QUOTED_INCLUDE_IN_FRAMEWORK_HEADER = YES;
				CLANG_WARN_RANGE_LOOP_ANALYSIS = YES;
				CLANG_WARN_STRICT_PROTOTYPES = YES;
				CLANG_WARN_SUSPICIOUS_MOVE = YES;
				CLANG_WARN_UNGUARDED_AVAILABILITY = YES_AGGRESSIVE;
				CLANG_WARN_UNREACHABLE_CODE = YES;
				CLANG_WARN__DUPLICATE_METHOD_MATCH = YES;
				COPY_PHASE_STRIP = NO;
				DEBUG_INFORMATION_FORMAT = "dwarf-with-dsym";
				ENABLE_NS_ASSERTIONS = NO;
				ENABLE_STRICT_OBJC_MSGSEND = YES;
				GCC_C_LANGUAGE_STANDARD = gnu11;
				GCC_NO_COMMON_BLOCKS = YES;
				GCC_WARN_64_TO_32_BIT_CONVERSION = YES;
				GCC_WARN_ABOUT_RETURN_TYPE = YES_ERROR;
				GCC_WARN_UNDECLARED_SELECTOR = YES;
				GCC_WARN_UNINITIALIZED_AUTOS = YES_AGGRESSIVE;
				GCC_WARN_UNUSED_FUNCTION = YES;
				GCC_WARN_UNUSED_VARIABLE = YES;
				IPHONEOS_DEPLOYMENT_TARGET = 15.0;
				MTL_ENABLE_DEBUG_INFO = NO;
				MTL_FAST_MATH = YES;
				SDKROOT = iphoneos;
				SWIFT_COMPILATION_MODE = wholemodule;
				SWIFT_OPTIMIZATION_LEVEL = "-O";
				VALIDATE_PRODUCT = YES;
			};
			name = Release;
		};
		BF62C5D727202C7A009A7872 /* Debug */ = {
			isa = XCBuildConfiguration;
			buildSettings = {
				ASSETCATALOG_COMPILER_APPICON_NAME = AppIcon;
				ASSETCATALOG_COMPILER_GLOBAL_ACCENT_COLOR_NAME = AccentColor;
				CODE_SIGN_STYLE = Automatic;
				CURRENT_PROJECT_VERSION = 1;
				DEVELOPMENT_TEAM = 4R76W27L99;
				GENERATE_INFOPLIST_FILE = YES;
				INFOPLIST_FILE = MacroDSPractice/Info.plist;
				INFOPLIST_KEY_UIApplicationSupportsIndirectInputEvents = YES;
				INFOPLIST_KEY_UILaunchStoryboardName = LaunchScreen;
				INFOPLIST_KEY_UIMainStoryboardFile = Main;
				INFOPLIST_KEY_UISupportedInterfaceOrientations_iPad = "UIInterfaceOrientationPortrait UIInterfaceOrientationPortraitUpsideDown UIInterfaceOrientationLandscapeLeft UIInterfaceOrientationLandscapeRight";
				INFOPLIST_KEY_UISupportedInterfaceOrientations_iPhone = "UIInterfaceOrientationPortrait UIInterfaceOrientationLandscapeLeft UIInterfaceOrientationLandscapeRight";
				LD_RUNPATH_SEARCH_PATHS = (
					"$(inherited)",
					"@executable_path/Frameworks",
				);
				MARKETING_VERSION = 1.0;
				PRODUCT_BUNDLE_IDENTIFIER = com.delvinajanice.MacroDSPractice;
				PRODUCT_NAME = "$(TARGET_NAME)";
				SWIFT_EMIT_LOC_STRINGS = YES;
				SWIFT_VERSION = 5.0;
				TARGETED_DEVICE_FAMILY = "1,2";
			};
			name = Debug;
		};
		BF62C5D827202C7A009A7872 /* Release */ = {
			isa = XCBuildConfiguration;
			buildSettings = {
				ASSETCATALOG_COMPILER_APPICON_NAME = AppIcon;
				ASSETCATALOG_COMPILER_GLOBAL_ACCENT_COLOR_NAME = AccentColor;
				CODE_SIGN_STYLE = Automatic;
				CURRENT_PROJECT_VERSION = 1;
				DEVELOPMENT_TEAM = 4R76W27L99;
				GENERATE_INFOPLIST_FILE = YES;
				INFOPLIST_FILE = MacroDSPractice/Info.plist;
				INFOPLIST_KEY_UIApplicationSupportsIndirectInputEvents = YES;
				INFOPLIST_KEY_UILaunchStoryboardName = LaunchScreen;
				INFOPLIST_KEY_UIMainStoryboardFile = Main;
				INFOPLIST_KEY_UISupportedInterfaceOrientations_iPad = "UIInterfaceOrientationPortrait UIInterfaceOrientationPortraitUpsideDown UIInterfaceOrientationLandscapeLeft UIInterfaceOrientationLandscapeRight";
				INFOPLIST_KEY_UISupportedInterfaceOrientations_iPhone = "UIInterfaceOrientationPortrait UIInterfaceOrientationLandscapeLeft UIInterfaceOrientationLandscapeRight";
				LD_RUNPATH_SEARCH_PATHS = (
					"$(inherited)",
					"@executable_path/Frameworks",
				);
				MARKETING_VERSION = 1.0;
				PRODUCT_BUNDLE_IDENTIFIER = com.delvinajanice.MacroDSPractice;
				PRODUCT_NAME = "$(TARGET_NAME)";
				SWIFT_EMIT_LOC_STRINGS = YES;
				SWIFT_VERSION = 5.0;
				TARGETED_DEVICE_FAMILY = "1,2";
			};
			name = Release;
		};
		BF62C5DA27202C7A009A7872 /* Debug */ = {
			isa = XCBuildConfiguration;
			buildSettings = {
				ALWAYS_EMBED_SWIFT_STANDARD_LIBRARIES = YES;
				BUNDLE_LOADER = "$(TEST_HOST)";
				CODE_SIGN_STYLE = Automatic;
				CURRENT_PROJECT_VERSION = 1;
				DEVELOPMENT_TEAM = 4R76W27L99;
				GENERATE_INFOPLIST_FILE = YES;
				IPHONEOS_DEPLOYMENT_TARGET = 15.0;
				LD_RUNPATH_SEARCH_PATHS = (
					"$(inherited)",
					"@executable_path/Frameworks",
					"@loader_path/Frameworks",
				);
				MARKETING_VERSION = 1.0;
				PRODUCT_BUNDLE_IDENTIFIER = com.delvinajanice.MacroDSPracticeTests;
				PRODUCT_NAME = "$(TARGET_NAME)";
				SWIFT_EMIT_LOC_STRINGS = NO;
				SWIFT_VERSION = 5.0;
				TARGETED_DEVICE_FAMILY = "1,2";
				TEST_HOST = "$(BUILT_PRODUCTS_DIR)/MacroDSPractice.app/MacroDSPractice";
			};
			name = Debug;
		};
		BF62C5DB27202C7A009A7872 /* Release */ = {
			isa = XCBuildConfiguration;
			buildSettings = {
				ALWAYS_EMBED_SWIFT_STANDARD_LIBRARIES = YES;
				BUNDLE_LOADER = "$(TEST_HOST)";
				CODE_SIGN_STYLE = Automatic;
				CURRENT_PROJECT_VERSION = 1;
				DEVELOPMENT_TEAM = 4R76W27L99;
				GENERATE_INFOPLIST_FILE = YES;
				IPHONEOS_DEPLOYMENT_TARGET = 15.0;
				LD_RUNPATH_SEARCH_PATHS = (
					"$(inherited)",
					"@executable_path/Frameworks",
					"@loader_path/Frameworks",
				);
				MARKETING_VERSION = 1.0;
				PRODUCT_BUNDLE_IDENTIFIER = com.delvinajanice.MacroDSPracticeTests;
				PRODUCT_NAME = "$(TARGET_NAME)";
				SWIFT_EMIT_LOC_STRINGS = NO;
				SWIFT_VERSION = 5.0;
				TARGETED_DEVICE_FAMILY = "1,2";
				TEST_HOST = "$(BUILT_PRODUCTS_DIR)/MacroDSPractice.app/MacroDSPractice";
			};
			name = Release;
		};
		BF62C5DD27202C7A009A7872 /* Debug */ = {
			isa = XCBuildConfiguration;
			buildSettings = {
				ALWAYS_EMBED_SWIFT_STANDARD_LIBRARIES = YES;
				CODE_SIGN_STYLE = Automatic;
				CURRENT_PROJECT_VERSION = 1;
				DEVELOPMENT_TEAM = 4R76W27L99;
				GENERATE_INFOPLIST_FILE = YES;
				LD_RUNPATH_SEARCH_PATHS = (
					"$(inherited)",
					"@executable_path/Frameworks",
					"@loader_path/Frameworks",
				);
				MARKETING_VERSION = 1.0;
				PRODUCT_BUNDLE_IDENTIFIER = com.delvinajanice.MacroDSPracticeUITests;
				PRODUCT_NAME = "$(TARGET_NAME)";
				SWIFT_EMIT_LOC_STRINGS = NO;
				SWIFT_VERSION = 5.0;
				TARGETED_DEVICE_FAMILY = "1,2";
				TEST_TARGET_NAME = MacroDSPractice;
			};
			name = Debug;
		};
		BF62C5DE27202C7A009A7872 /* Release */ = {
			isa = XCBuildConfiguration;
			buildSettings = {
				ALWAYS_EMBED_SWIFT_STANDARD_LIBRARIES = YES;
				CODE_SIGN_STYLE = Automatic;
				CURRENT_PROJECT_VERSION = 1;
				DEVELOPMENT_TEAM = 4R76W27L99;
				GENERATE_INFOPLIST_FILE = YES;
				LD_RUNPATH_SEARCH_PATHS = (
					"$(inherited)",
					"@executable_path/Frameworks",
					"@loader_path/Frameworks",
				);
				MARKETING_VERSION = 1.0;
				PRODUCT_BUNDLE_IDENTIFIER = com.delvinajanice.MacroDSPracticeUITests;
				PRODUCT_NAME = "$(TARGET_NAME)";
				SWIFT_EMIT_LOC_STRINGS = NO;
				SWIFT_VERSION = 5.0;
				TARGETED_DEVICE_FAMILY = "1,2";
				TEST_TARGET_NAME = MacroDSPractice;
			};
			name = Release;
		};
/* End XCBuildConfiguration section */

/* Begin XCConfigurationList section */
		BF62C5A427202C79009A7872 /* Build configuration list for PBXProject "MacroDSPractice" */ = {
			isa = XCConfigurationList;
			buildConfigurations = (
				BF62C5D427202C7A009A7872 /* Debug */,
				BF62C5D527202C7A009A7872 /* Release */,
			);
			defaultConfigurationIsVisible = 0;
			defaultConfigurationName = Release;
		};
		BF62C5D627202C7A009A7872 /* Build configuration list for PBXNativeTarget "MacroDSPractice" */ = {
			isa = XCConfigurationList;
			buildConfigurations = (
				BF62C5D727202C7A009A7872 /* Debug */,
				BF62C5D827202C7A009A7872 /* Release */,
			);
			defaultConfigurationIsVisible = 0;
			defaultConfigurationName = Release;
		};
		BF62C5D927202C7A009A7872 /* Build configuration list for PBXNativeTarget "MacroDSPracticeTests" */ = {
			isa = XCConfigurationList;
			buildConfigurations = (
				BF62C5DA27202C7A009A7872 /* Debug */,
				BF62C5DB27202C7A009A7872 /* Release */,
			);
			defaultConfigurationIsVisible = 0;
			defaultConfigurationName = Release;
		};
		BF62C5DC27202C7A009A7872 /* Build configuration list for PBXNativeTarget "MacroDSPracticeUITests" */ = {
			isa = XCConfigurationList;
			buildConfigurations = (
				BF62C5DD27202C7A009A7872 /* Debug */,
				BF62C5DE27202C7A009A7872 /* Release */,
			);
			defaultConfigurationIsVisible = 0;
			defaultConfigurationName = Release;
		};
/* End XCConfigurationList section */

/* Begin XCVersionGroup section */
		BF62C5B527202C79009A7872 /* MacroDSPractice.xcdatamodeld */ = {
			isa = XCVersionGroup;
			children = (
				BF62C5B627202C79009A7872 /* MacroDSPractice.xcdatamodel */,
			);
			currentVersion = BF62C5B627202C79009A7872 /* MacroDSPractice.xcdatamodel */;
			path = MacroDSPractice.xcdatamodeld;
			sourceTree = "<group>";
			versionGroupType = wrapper.xcdatamodel;
		};
/* End XCVersionGroup section */
	};
	rootObject = BF62C5A127202C79009A7872 /* Project object */;
}
